// !$*UTF8*$!
{
	archiveVersion = 1;
	classes = {
	};
	objectVersion = 56;
	objects = {

/* Begin PBXBuildFile section */
		1D9ABBEF2CD6BAC000FB58CC /* AppDelegate.swift in Sources */ = {isa = PBXBuildFile; fileRef = 1D9ABBEE2CD6BAC000FB58CC /* AppDelegate.swift */; };
		1D9ABBF82CD6BAC100FB58CC /* Assets.xcassets in Resources */ = {isa = PBXBuildFile; fileRef = 1D9ABBF72CD6BAC100FB58CC /* Assets.xcassets */; };
		1D9ABBFB2CD6BAC100FB58CC /* Base in Resources */ = {isa = PBXBuildFile; fileRef = 1D9ABBFA2CD6BAC100FB58CC /* Base */; };
		1D9ABC0A2CD6BE5D00FB58CC /* Colors.xcassets in Resources */ = {isa = PBXBuildFile; fileRef = 1D9ABC092CD6BE5D00FB58CC /* Colors.xcassets */; };
		1D9ABC0C2CD6BF8300FB58CC /* Storyboarded.swift in Sources */ = {isa = PBXBuildFile; fileRef = 1D9ABC0B2CD6BF8300FB58CC /* Storyboarded.swift */; };
		1D9ABC0E2CD6BFA800FB58CC /* SampleViewController.swift in Sources */ = {isa = PBXBuildFile; fileRef = 1D9ABC0D2CD6BFA800FB58CC /* SampleViewController.swift */; };
		1D9ABC142CD6BFF300FB58CC /* Constans.swift in Sources */ = {isa = PBXBuildFile; fileRef = 1D9ABC132CD6BFF300FB58CC /* Constans.swift */; };
		1D9ABC172CD6C03C00FB58CC /* LoginScreenViewController.swift in Sources */ = {isa = PBXBuildFile; fileRef = 1D9ABC162CD6C03C00FB58CC /* LoginScreenViewController.swift */; };
		1D9ABC192CD6C05100FB58CC /* LoginScreen.storyboard in Resources */ = {isa = PBXBuildFile; fileRef = 1D9ABC182CD6C05100FB58CC /* LoginScreen.storyboard */; };
/* End PBXBuildFile section */

/* Begin PBXFileReference section */
		1D9ABBEB2CD6BAC000FB58CC /* Sample_Cafe.app */ = {isa = PBXFileReference; explicitFileType = wrapper.application; includeInIndex = 0; path = Sample_Cafe.app; sourceTree = BUILT_PRODUCTS_DIR; };
		1D9ABBEE2CD6BAC000FB58CC /* AppDelegate.swift */ = {isa = PBXFileReference; lastKnownFileType = sourcecode.swift; path = AppDelegate.swift; sourceTree = "<group>"; };
		1D9ABBF72CD6BAC100FB58CC /* Assets.xcassets */ = {isa = PBXFileReference; lastKnownFileType = folder.assetcatalog; path = Assets.xcassets; sourceTree = "<group>"; };
		1D9ABBFA2CD6BAC100FB58CC /* Base */ = {isa = PBXFileReference; lastKnownFileType = file.storyboard; name = Base; path = Base.lproj/LaunchScreen.storyboard; sourceTree = "<group>"; };
		1D9ABBFC2CD6BAC100FB58CC /* Info.plist */ = {isa = PBXFileReference; lastKnownFileType = text.plist.xml; path = Info.plist; sourceTree = "<group>"; };
		1D9ABC092CD6BE5D00FB58CC /* Colors.xcassets */ = {isa = PBXFileReference; lastKnownFileType = folder.assetcatalog; path = Colors.xcassets; sourceTree = "<group>"; };
		1D9ABC0B2CD6BF8300FB58CC /* Storyboarded.swift */ = {isa = PBXFileReference; lastKnownFileType = sourcecode.swift; path = Storyboarded.swift; sourceTree = "<group>"; };
		1D9ABC0D2CD6BFA800FB58CC /* SampleViewController.swift */ = {isa = PBXFileReference; lastKnownFileType = sourcecode.swift; path = SampleViewController.swift; sourceTree = "<group>"; };
		1D9ABC132CD6BFF300FB58CC /* Constans.swift */ = {isa = PBXFileReference; lastKnownFileType = sourcecode.swift; path = Constans.swift; sourceTree = "<group>"; };
		1D9ABC162CD6C03C00FB58CC /* LoginScreenViewController.swift */ = {isa = PBXFileReference; lastKnownFileType = sourcecode.swift; path = LoginScreenViewController.swift; sourceTree = "<group>"; };
		1D9ABC182CD6C05100FB58CC /* LoginScreen.storyboard */ = {isa = PBXFileReference; lastKnownFileType = file.storyboard; path = LoginScreen.storyboard; sourceTree = "<group>"; };
/* End PBXFileReference section */

/* Begin PBXFrameworksBuildPhase section */
		1D9ABBE82CD6BAC000FB58CC /* Frameworks */ = {
			isa = PBXFrameworksBuildPhase;
			buildActionMask = 2147483647;
			files = (
			);
			runOnlyForDeploymentPostprocessing = 0;
		};
/* End PBXFrameworksBuildPhase section */

/* Begin PBXGroup section */
		1D9ABBE22CD6BABF00FB58CC = {
			isa = PBXGroup;
			children = (
				1D9ABBED2CD6BAC000FB58CC /* Sample_Cafe */,
				1D9ABBEC2CD6BAC000FB58CC /* Products */,
			);
			sourceTree = "<group>";
		};
		1D9ABBEC2CD6BAC000FB58CC /* Products */ = {
			isa = PBXGroup;
			children = (
				1D9ABBEB2CD6BAC000FB58CC /* Sample_Cafe.app */,
			);
			name = Products;
			sourceTree = "<group>";
		};
		1D9ABBED2CD6BAC000FB58CC /* Sample_Cafe */ = {
			isa = PBXGroup;
			children = (
				1D9ABC082CD6BD6100FB58CC /* Application */,
				1D9ABC072CD6BD5E00FB58CC /* Helpers */,
				1D9ABC062CD6BD5C00FB58CC /* Models */,
				1D9ABC052CD6BD5900FB58CC /* Mdoules */,
				1D9ABC042CD6BD5700FB58CC /* UIComponents */,
				1D9ABC032CD6BD5400FB58CC /* Resources */,
				1D9ABC022CD6BD4F00FB58CC /* SupportingFiles */,
			);
			path = Sample_Cafe;
			sourceTree = "<group>";
		};
		1D9ABC022CD6BD4F00FB58CC /* SupportingFiles */ = {
			isa = PBXGroup;
			children = (
				1D9ABBFC2CD6BAC100FB58CC /* Info.plist */,
			);
			path = SupportingFiles;
			sourceTree = "<group>";
		};
		1D9ABC032CD6BD5400FB58CC /* Resources */ = {
			isa = PBXGroup;
			children = (
				1D9ABBF72CD6BAC100FB58CC /* Assets.xcassets */,
				1D9ABC092CD6BE5D00FB58CC /* Colors.xcassets */,
			);
			path = Resources;
			sourceTree = "<group>";
		};
		1D9ABC042CD6BD5700FB58CC /* UIComponents */ = {
			isa = PBXGroup;
			children = (
			);
			path = UIComponents;
			sourceTree = "<group>";
		};
		1D9ABC052CD6BD5900FB58CC /* Mdoules */ = {
			isa = PBXGroup;
			children = (
				1D9ABBF92CD6BAC100FB58CC /* LaunchScreen.storyboard */,
				1D9ABC152CD6C02A00FB58CC /* LoginScreenModule */,
			);
			path = Mdoules;
			sourceTree = "<group>";
		};
		1D9ABC062CD6BD5C00FB58CC /* Models */ = {
			isa = PBXGroup;
			children = (
			);
			path = Models;
			sourceTree = "<group>";
		};
		1D9ABC072CD6BD5E00FB58CC /* Helpers */ = {
			isa = PBXGroup;
			children = (
				1D9ABC0D2CD6BFA800FB58CC /* SampleViewController.swift */,
				1D9ABC0B2CD6BF8300FB58CC /* Storyboarded.swift */,
				1D9ABC0F2CD6BFC100FB58CC /* SampleUIComponents */,
				1D9ABC102CD6BFCF00FB58CC /* Extensions */,
				1D9ABC132CD6BFF300FB58CC /* Constans.swift */,
				1D9ABC112CD6BFD900FB58CC /* Validation */,
			);
			path = Helpers;
			sourceTree = "<group>";
		};
		1D9ABC082CD6BD6100FB58CC /* Application */ = {
			isa = PBXGroup;
			children = (
				1D9ABBEE2CD6BAC000FB58CC /* AppDelegate.swift */,
			);
			path = Application;
			sourceTree = "<group>";
		};
		1D9ABC0F2CD6BFC100FB58CC /* SampleUIComponents */ = {
			isa = PBXGroup;
			children = (
			);
			path = SampleUIComponents;
			sourceTree = "<group>";
		};
		1D9ABC102CD6BFCF00FB58CC /* Extensions */ = {
			isa = PBXGroup;
			children = (
			);
			path = Extensions;
			sourceTree = "<group>";
		};
		1D9ABC112CD6BFD900FB58CC /* Validation */ = {
			isa = PBXGroup;
			children = (
			);
			path = Validation;
			sourceTree = "<group>";
		};
		1D9ABC152CD6C02A00FB58CC /* LoginScreenModule */ = {
			isa = PBXGroup;
			children = (
				1D9ABC162CD6C03C00FB58CC /* LoginScreenViewController.swift */,
				1D9ABC182CD6C05100FB58CC /* LoginScreen.storyboard */,
			);
			path = LoginScreenModule;
			sourceTree = "<group>";
		};
/* End PBXGroup section */

/* Begin PBXNativeTarget section */
		1D9ABBEA2CD6BAC000FB58CC /* Sample_Cafe */ = {
			isa = PBXNativeTarget;
			buildConfigurationList = 1D9ABBFF2CD6BAC100FB58CC /* Build configuration list for PBXNativeTarget "Sample_Cafe" */;
			buildPhases = (
				1D9ABBE72CD6BAC000FB58CC /* Sources */,
				1D9ABBE82CD6BAC000FB58CC /* Frameworks */,
				1D9ABBE92CD6BAC000FB58CC /* Resources */,
			);
			buildRules = (
			);
			dependencies = (
			);
			name = Sample_Cafe;
			productName = Sample_Cafe;
			productReference = 1D9ABBEB2CD6BAC000FB58CC /* Sample_Cafe.app */;
			productType = "com.apple.product-type.application";
		};
/* End PBXNativeTarget section */

/* Begin PBXProject section */
		1D9ABBE32CD6BABF00FB58CC /* Project object */ = {
			isa = PBXProject;
			attributes = {
				BuildIndependentTargetsInParallel = 1;
				LastSwiftUpdateCheck = 1540;
				LastUpgradeCheck = 1540;
				TargetAttributes = {
					1D9ABBEA2CD6BAC000FB58CC = {
						CreatedOnToolsVersion = 15.4;
					};
				};
			};
			buildConfigurationList = 1D9ABBE62CD6BABF00FB58CC /* Build configuration list for PBXProject "Sample_Cafe" */;
			compatibilityVersion = "Xcode 14.0";
			developmentRegion = en;
			hasScannedForEncodings = 0;
			knownRegions = (
				en,
				Base,
			);
			mainGroup = 1D9ABBE22CD6BABF00FB58CC;
			productRefGroup = 1D9ABBEC2CD6BAC000FB58CC /* Products */;
			projectDirPath = "";
			projectRoot = "";
			targets = (
				1D9ABBEA2CD6BAC000FB58CC /* Sample_Cafe */,
			);
		};
/* End PBXProject section */

/* Begin PBXResourcesBuildPhase section */
		1D9ABBE92CD6BAC000FB58CC /* Resources */ = {
			isa = PBXResourcesBuildPhase;
			buildActionMask = 2147483647;
			files = (
				1D9ABC0A2CD6BE5D00FB58CC /* Colors.xcassets in Resources */,
				1D9ABBF82CD6BAC100FB58CC /* Assets.xcassets in Resources */,
				1D9ABC192CD6C05100FB58CC /* LoginScreen.storyboard in Resources */,
				1D9ABBFB2CD6BAC100FB58CC /* Base in Resources */,
			);
			runOnlyForDeploymentPostprocessing = 0;
		};
/* End PBXResourcesBuildPhase section */

/* Begin PBXSourcesBuildPhase section */
		1D9ABBE72CD6BAC000FB58CC /* Sources */ = {
			isa = PBXSourcesBuildPhase;
			buildActionMask = 2147483647;
			files = (
				1D9ABBEF2CD6BAC000FB58CC /* AppDelegate.swift in Sources */,
				1D9ABC0C2CD6BF8300FB58CC /* Storyboarded.swift in Sources */,
				1D9ABC142CD6BFF300FB58CC /* Constans.swift in Sources */,
				1D9ABC172CD6C03C00FB58CC /* LoginScreenViewController.swift in Sources */,
				1D9ABC0E2CD6BFA800FB58CC /* SampleViewController.swift in Sources */,
			);
			runOnlyForDeploymentPostprocessing = 0;
		};
/* End PBXSourcesBuildPhase section */

/* Begin PBXVariantGroup section */
		1D9ABBF92CD6BAC100FB58CC /* LaunchScreen.storyboard */ = {
			isa = PBXVariantGroup;
			children = (
				1D9ABBFA2CD6BAC100FB58CC /* Base */,
			);
			name = LaunchScreen.storyboard;
			sourceTree = "<group>";
		};
/* End PBXVariantGroup section */

/* Begin XCBuildConfiguration section */
		1D9ABBFD2CD6BAC100FB58CC /* Debug */ = {
			isa = XCBuildConfiguration;
			buildSettings = {
				ALWAYS_SEARCH_USER_PATHS = NO;
				ASSETCATALOG_COMPILER_GENERATE_SWIFT_ASSET_SYMBOL_EXTENSIONS = YES;
				CLANG_ANALYZER_NONNULL = YES;
				CLANG_ANALYZER_NUMBER_OBJECT_CONVERSION = YES_AGGRESSIVE;
				CLANG_CXX_LANGUAGE_STANDARD = "gnu++20";
				CLANG_ENABLE_MODULES = YES;
				CLANG_ENABLE_OBJC_ARC = YES;
				CLANG_ENABLE_OBJC_WEAK = YES;
				CLANG_WARN_BLOCK_CAPTURE_AUTORELEASING = YES;
				CLANG_WARN_BOOL_CONVERSION = YES;
				CLANG_WARN_COMMA = YES;
				CLANG_WARN_CONSTANT_CONVERSION = YES;
				CLANG_WARN_DEPRECATED_OBJC_IMPLEMENTATIONS = YES;
				CLANG_WARN_DIRECT_OBJC_ISA_USAGE = YES_ERROR;
				CLANG_WARN_DOCUMENTATION_COMMENTS = YES;
				CLANG_WARN_EMPTY_BODY = YES;
				CLANG_WARN_ENUM_CONVERSION = YES;
				CLANG_WARN_INFINITE_RECURSION = YES;
				CLANG_WARN_INT_CONVERSION = YES;
				CLANG_WARN_NON_LITERAL_NULL_CONVERSION = YES;
				CLANG_WARN_OBJC_IMPLICIT_RETAIN_SELF = YES;
				CLANG_WARN_OBJC_LITERAL_CONVERSION = YES;
				CLANG_WARN_OBJC_ROOT_CLASS = YES_ERROR;
				CLANG_WARN_QUOTED_INCLUDE_IN_FRAMEWORK_HEADER = YES;
				CLANG_WARN_RANGE_LOOP_ANALYSIS = YES;
				CLANG_WARN_STRICT_PROTOTYPES = YES;
				CLANG_WARN_SUSPICIOUS_MOVE = YES;
				CLANG_WARN_UNGUARDED_AVAILABILITY = YES_AGGRESSIVE;
				CLANG_WARN_UNREACHABLE_CODE = YES;
				CLANG_WARN__DUPLICATE_METHOD_MATCH = YES;
				COPY_PHASE_STRIP = NO;
				DEBUG_INFORMATION_FORMAT = dwarf;
				ENABLE_STRICT_OBJC_MSGSEND = YES;
				ENABLE_TESTABILITY = YES;
				ENABLE_USER_SCRIPT_SANDBOXING = YES;
				GCC_C_LANGUAGE_STANDARD = gnu17;
				GCC_DYNAMIC_NO_PIC = NO;
				GCC_NO_COMMON_BLOCKS = YES;
				GCC_OPTIMIZATION_LEVEL = 0;
				GCC_PREPROCESSOR_DEFINITIONS = (
					"DEBUG=1",
					"$(inherited)",
				);
				GCC_WARN_64_TO_32_BIT_CONVERSION = YES;
				GCC_WARN_ABOUT_RETURN_TYPE = YES_ERROR;
				GCC_WARN_UNDECLARED_SELECTOR = YES;
				GCC_WARN_UNINITIALIZED_AUTOS = YES_AGGRESSIVE;
				GCC_WARN_UNUSED_FUNCTION = YES;
				GCC_WARN_UNUSED_VARIABLE = YES;
				IPHONEOS_DEPLOYMENT_TARGET = 17.5;
				LOCALIZATION_PREFERS_STRING_CATALOGS = YES;
				MTL_ENABLE_DEBUG_INFO = INCLUDE_SOURCE;
				MTL_FAST_MATH = YES;
				ONLY_ACTIVE_ARCH = YES;
				SDKROOT = iphoneos;
				SWIFT_ACTIVE_COMPILATION_CONDITIONS = "DEBUG $(inherited)";
				SWIFT_OPTIMIZATION_LEVEL = "-Onone";
			};
			name = Debug;
		};
		1D9ABBFE2CD6BAC100FB58CC /* Release */ = {
			isa = XCBuildConfiguration;
			buildSettings = {
				ALWAYS_SEARCH_USER_PATHS = NO;
				ASSETCATALOG_COMPILER_GENERATE_SWIFT_ASSET_SYMBOL_EXTENSIONS = YES;
				CLANG_ANALYZER_NONNULL = YES;
				CLANG_ANALYZER_NUMBER_OBJECT_CONVERSION = YES_AGGRESSIVE;
				CLANG_CXX_LANGUAGE_STANDARD = "gnu++20";
				CLANG_ENABLE_MODULES = YES;
				CLANG_ENABLE_OBJC_ARC = YES;
				CLANG_ENABLE_OBJC_WEAK = YES;
				CLANG_WARN_BLOCK_CAPTURE_AUTORELEASING = YES;
				CLANG_WARN_BOOL_CONVERSION = YES;
				CLANG_WARN_COMMA = YES;
				CLANG_WARN_CONSTANT_CONVERSION = YES;
				CLANG_WARN_DEPRECATED_OBJC_IMPLEMENTATIONS = YES;
				CLANG_WARN_DIRECT_OBJC_ISA_USAGE = YES_ERROR;
				CLANG_WARN_DOCUMENTATION_COMMENTS = YES;
				CLANG_WARN_EMPTY_BODY = YES;
				CLANG_WARN_ENUM_CONVERSION = YES;
				CLANG_WARN_INFINITE_RECURSION = YES;
				CLANG_WARN_INT_CONVERSION = YES;
				CLANG_WARN_NON_LITERAL_NULL_CONVERSION = YES;
				CLANG_WARN_OBJC_IMPLICIT_RETAIN_SELF = YES;
				CLANG_WARN_OBJC_LITERAL_CONVERSION = YES;
				CLANG_WARN_OBJC_ROOT_CLASS = YES_ERROR;
				CLANG_WARN_QUOTED_INCLUDE_IN_FRAMEWORK_HEADER = YES;
				CLANG_WARN_RANGE_LOOP_ANALYSIS = YES;
				CLANG_WARN_STRICT_PROTOTYPES = YES;
				CLANG_WARN_SUSPICIOUS_MOVE = YES;
				CLANG_WARN_UNGUARDED_AVAILABILITY = YES_AGGRESSIVE;
				CLANG_WARN_UNREACHABLE_CODE = YES;
				CLANG_WARN__DUPLICATE_METHOD_MATCH = YES;
				COPY_PHASE_STRIP = NO;
				DEBUG_INFORMATION_FORMAT = "dwarf-with-dsym";
				ENABLE_NS_ASSERTIONS = NO;
				ENABLE_STRICT_OBJC_MSGSEND = YES;
				ENABLE_USER_SCRIPT_SANDBOXING = YES;
				GCC_C_LANGUAGE_STANDARD = gnu17;
				GCC_NO_COMMON_BLOCKS = YES;
				GCC_WARN_64_TO_32_BIT_CONVERSION = YES;
				GCC_WARN_ABOUT_RETURN_TYPE = YES_ERROR;
				GCC_WARN_UNDECLARED_SELECTOR = YES;
				GCC_WARN_UNINITIALIZED_AUTOS = YES_AGGRESSIVE;
				GCC_WARN_UNUSED_FUNCTION = YES;
				GCC_WARN_UNUSED_VARIABLE = YES;
				IPHONEOS_DEPLOYMENT_TARGET = 17.5;
				LOCALIZATION_PREFERS_STRING_CATALOGS = YES;
				MTL_ENABLE_DEBUG_INFO = NO;
				MTL_FAST_MATH = YES;
				SDKROOT = iphoneos;
				SWIFT_COMPILATION_MODE = wholemodule;
				VALIDATE_PRODUCT = YES;
			};
			name = Release;
		};
		1D9ABC002CD6BAC100FB58CC /* Debug */ = {
			isa = XCBuildConfiguration;
			buildSettings = {
				ASSETCATALOG_COMPILER_APPICON_NAME = AppIcon;
				ASSETCATALOG_COMPILER_GLOBAL_ACCENT_COLOR_NAME = AccentColor;
				CODE_SIGN_STYLE = Automatic;
				CURRENT_PROJECT_VERSION = 1;
				DEVELOPMENT_TEAM = S727C47Y77;
				GENERATE_INFOPLIST_FILE = YES;
				INFOPLIST_FILE = Sample_Cafe/SupportingFiles/Info.plist;
				INFOPLIST_KEY_UIApplicationSupportsIndirectInputEvents = YES;
				INFOPLIST_KEY_UILaunchStoryboardName = LaunchScreen;
				INFOPLIST_KEY_UISupportedInterfaceOrientations_iPad = "UIInterfaceOrientationPortrait UIInterfaceOrientationPortraitUpsideDown UIInterfaceOrientationLandscapeLeft UIInterfaceOrientationLandscapeRight";
				INFOPLIST_KEY_UISupportedInterfaceOrientations_iPhone = "UIInterfaceOrientationPortrait UIInterfaceOrientationLandscapeLeft UIInterfaceOrientationLandscapeRight";
				LD_RUNPATH_SEARCH_PATHS = (
					"$(inherited)",
					"@executable_path/Frameworks",
				);
				MARKETING_VERSION = 1.0;
				PRODUCT_BUNDLE_IDENTIFIER = "com.mycreationcollections.Sample-Cafe";
				PRODUCT_NAME = "$(TARGET_NAME)";
				SWIFT_EMIT_LOC_STRINGS = YES;
				SWIFT_VERSION = 5.0;
				TARGETED_DEVICE_FAMILY = "1,2";
			};
			name = Debug;
		};
		1D9ABC012CD6BAC100FB58CC /* Release */ = {
			isa = XCBuildConfiguration;
			buildSettings = {
				ASSETCATALOG_COMPILER_APPICON_NAME = AppIcon;
				ASSETCATALOG_COMPILER_GLOBAL_ACCENT_COLOR_NAME = AccentColor;
				CODE_SIGN_STYLE = Automatic;
				CURRENT_PROJECT_VERSION = 1;
				DEVELOPMENT_TEAM = S727C47Y77;
				GENERATE_INFOPLIST_FILE = YES;
				INFOPLIST_FILE = Sample_Cafe/SupportingFiles/Info.plist;
				INFOPLIST_KEY_UIApplicationSupportsIndirectInputEvents = YES;
				INFOPLIST_KEY_UILaunchStoryboardName = LaunchScreen;
				INFOPLIST_KEY_UISupportedInterfaceOrientations_iPad = "UIInterfaceOrientationPortrait UIInterfaceOrientationPortraitUpsideDown UIInterfaceOrientationLandscapeLeft UIInterfaceOrientationLandscapeRight";
				INFOPLIST_KEY_UISupportedInterfaceOrientations_iPhone = "UIInterfaceOrientationPortrait UIInterfaceOrientationLandscapeLeft UIInterfaceOrientationLandscapeRight";
				LD_RUNPATH_SEARCH_PATHS = (
					"$(inherited)",
					"@executable_path/Frameworks",
				);
				MARKETING_VERSION = 1.0;
				PRODUCT_BUNDLE_IDENTIFIER = "com.mycreationcollections.Sample-Cafe";
				PRODUCT_NAME = "$(TARGET_NAME)";
				SWIFT_EMIT_LOC_STRINGS = YES;
				SWIFT_VERSION = 5.0;
				TARGETED_DEVICE_FAMILY = "1,2";
			};
			name = Release;
		};
/* End XCBuildConfiguration section */

/* Begin XCConfigurationList section */
		1D9ABBE62CD6BABF00FB58CC /* Build configuration list for PBXProject "Sample_Cafe" */ = {
			isa = XCConfigurationList;
			buildConfigurations = (
				1D9ABBFD2CD6BAC100FB58CC /* Debug */,
				1D9ABBFE2CD6BAC100FB58CC /* Release */,
			);
			defaultConfigurationIsVisible = 0;
			defaultConfigurationName = Release;
		};
		1D9ABBFF2CD6BAC100FB58CC /* Build configuration list for PBXNativeTarget "Sample_Cafe" */ = {
			isa = XCConfigurationList;
			buildConfigurations = (
				1D9ABC002CD6BAC100FB58CC /* Debug */,
				1D9ABC012CD6BAC100FB58CC /* Release */,
			);
			defaultConfigurationIsVisible = 0;
			defaultConfigurationName = Release;
		};
/* End XCConfigurationList section */
	};
	rootObject = 1D9ABBE32CD6BABF00FB58CC /* Project object */;
}
